
Microsoft Visual Studio Solution File, Format Version 12.00
# Visual Studio Version 17
VisualStudioVersion = 17.6.33815.320
MinimumVisualStudioVersion = 10.0.40219.1
Project("{FAE04EC0-301F-11D3-BF4B-00C04F79EFBC}") = "VentionTestTask.Api", "VentionTestTask.Api\VentionTestTask.Api.csproj", "{5B63B8E0-A324-4BDA-9626-175E0877D0A7}"
EndProject
Project("{FAE04EC0-301F-11D3-BF4B-00C04F79EFBC}") = "VentionTestTask.Infrastructure", "VentionTestTask.Infrastructure\VentionTestTask.Infrastructure.csproj", "{2704CF3E-D8CC-44E6-BB07-4264BB5C7106}"
EndProject
Project("{FAE04EC0-301F-11D3-BF4B-00C04F79EFBC}") = "VentionTestTask.Application", "VentionTestTask.Application\VentionTestTask.Application.csproj", "{1D59C6F5-DF27-4FD5-B701-0AEECF0100F4}"
EndProject
Project("{FAE04EC0-301F-11D3-BF4B-00C04F79EFBC}") = "VentionTestTask.Domain", "VentionTestTask.Domain\VentionTestTask.Domain.csproj", "{512DE9BB-E313-4820-BCAE-100E445B15F2}"
EndProject
Project("{FAE04EC0-301F-11D3-BF4B-00C04F79EFBC}") = "VentionTestTask.Tests", "VentionTestTask.Tests\VentionTestTask.Tests.csproj", "{3AB6AEF7-D965-434A-BDC7-77C18BF651D0}"
EndProject
Global
	GlobalSection(SolutionConfigurationPlatforms) = preSolution
		Debug|Any CPU = Debug|Any CPU
		Release|Any CPU = Release|Any CPU
	EndGlobalSection
	GlobalSection(ProjectConfigurationPlatforms) = postSolution
		{5B63B8E0-A324-4BDA-9626-175E0877D0A7}.Debug|Any CPU.ActiveCfg = Debug|Any CPU
		{5B63B8E0-A324-4BDA-9626-175E0877D0A7}.Debug|Any CPU.Build.0 = Debug|Any CPU
		{5B63B8E0-A324-4BDA-9626-175E0877D0A7}.Release|Any CPU.ActiveCfg = Release|Any CPU
		{5B63B8E0-A324-4BDA-9626-175E0877D0A7}.Release|Any CPU.Build.0 = Release|Any CPU
		{2704CF3E-D8CC-44E6-BB07-4264BB5C7106}.Debug|Any CPU.ActiveCfg = Debug|Any CPU
		{2704CF3E-D8CC-44E6-BB07-4264BB5C7106}.Debug|Any CPU.Build.0 = Debug|Any CPU
		{2704CF3E-D8CC-44E6-BB07-4264BB5C7106}.Release|Any CPU.ActiveCfg = Release|Any CPU
		{2704CF3E-D8CC-44E6-BB07-4264BB5C7106}.Release|Any CPU.Build.0 = Release|Any CPU
		{1D59C6F5-DF27-4FD5-B701-0AEECF0100F4}.Debug|Any CPU.ActiveCfg = Debug|Any CPU
		{1D59C6F5-DF27-4FD5-B701-0AEECF0100F4}.Debug|Any CPU.Build.0 = Debug|Any CPU
		{1D59C6F5-DF27-4FD5-B701-0AEECF0100F4}.Release|Any CPU.ActiveCfg = Release|Any CPU
		{1D59C6F5-DF27-4FD5-B701-0AEECF0100F4}.Release|Any CPU.Build.0 = Release|Any CPU
		{512DE9BB-E313-4820-BCAE-100E445B15F2}.Debug|Any CPU.ActiveCfg = Debug|Any CPU
		{512DE9BB-E313-4820-BCAE-100E445B15F2}.Debug|Any CPU.Build.0 = Debug|Any CPU
		{512DE9BB-E313-4820-BCAE-100E445B15F2}.Release|Any CPU.ActiveCfg = Release|Any CPU
		{512DE9BB-E313-4820-BCAE-100E445B15F2}.Release|Any CPU.Build.0 = Release|Any CPU
		{3AB6AEF7-D965-434A-BDC7-77C18BF651D0}.Debug|Any CPU.ActiveCfg = Debug|Any CPU
		{3AB6AEF7-D965-434A-BDC7-77C18BF651D0}.Debug|Any CPU.Build.0 = Debug|Any CPU
		{3AB6AEF7-D965-434A-BDC7-77C18BF651D0}.Release|Any CPU.ActiveCfg = Release|Any CPU
		{3AB6AEF7-D965-434A-BDC7-77C18BF651D0}.Release|Any CPU.Build.0 = Release|Any CPU
	EndGlobalSection
	GlobalSection(SolutionProperties) = preSolution
		HideSolutionNode = FALSE
	EndGlobalSection
	GlobalSection(ExtensibilityGlobals) = postSolution
		SolutionGuid = {13E7C310-F0D7-4316-8AB8-FBDF21D7F9EE}
	EndGlobalSection
EndGlobal
